
Microsoft Visual Studio Solution File, Format Version 12.00
# Visual Studio Version 16
VisualStudioVersion = 16.0.30907.101
MinimumVisualStudioVersion = 10.0.40219.1
Project("{FAE04EC0-301F-11D3-BF4B-00C04F79EFBC}") = "OpenRA.MiniYamlParser", "OpenRA.MiniYamlParser\OpenRA.MiniYamlParser.csproj", "{AB608277-2757-438B-90A3-7395C7308805}"
EndProject
Global
	GlobalSection(SolutionConfigurationPlatforms) = preSolution
		Debug|Any CPU = Debug|Any CPU
		Release|Any CPU = Release|Any CPU
	EndGlobalSection
	GlobalSection(ProjectConfigurationPlatforms) = postSolution
		{AB608277-2757-438B-90A3-7395C7308805}.Debug|Any CPU.ActiveCfg = Debug|Any CPU
		{AB608277-2757-438B-90A3-7395C7308805}.Debug|Any CPU.Build.0 = Debug|Any CPU
		{AB608277-2757-438B-90A3-7395C7308805}.Release|Any CPU.ActiveCfg = Release|Any CPU
		{AB608277-2757-438B-90A3-7395C7308805}.Release|Any CPU.Build.0 = Release|Any CPU
	EndGlobalSection
	GlobalSection(SolutionProperties) = preSolution
		HideSolutionNode = FALSE
	EndGlobalSection
	GlobalSection(ExtensibilityGlobals) = postSolution
		SolutionGuid = {18DAAEFD-D7AD-48FE-8F52-9F97C3889601}
	EndGlobalSection
EndGlobal
